
Microsoft Visual Studio Solution File, Format Version 12.00
# Visual Studio Version 17
VisualStudioVersion = 17.11.35312.102
MinimumVisualStudioVersion = 10.0.40219.1
Project("{FAE04EC0-301F-11D3-BF4B-00C04F79EFBC}") = "WebApplication16", "WebApplication16.csproj", "{10506ADC-36D6-41F5-B3A4-F470D4C024E1}"
EndProject
Global
	GlobalSection(SolutionConfigurationPlatforms) = preSolution
		Debug|Any CPU = Debug|Any CPU
		Release|Any CPU = Release|Any CPU
	EndGlobalSection
	GlobalSection(ProjectConfigurationPlatforms) = postSolution
		{10506ADC-36D6-41F5-B3A4-F470D4C024E1}.Debug|Any CPU.ActiveCfg = Debug|Any CPU
		{10506ADC-36D6-41F5-B3A4-F470D4C024E1}.Debug|Any CPU.Build.0 = Debug|Any CPU
		{10506ADC-36D6-41F5-B3A4-F470D4C024E1}.Release|Any CPU.ActiveCfg = Release|Any CPU
		{10506ADC-36D6-41F5-B3A4-F470D4C024E1}.Release|Any CPU.Build.0 = Release|Any CPU
	EndGlobalSection
	GlobalSection(SolutionProperties) = preSolution
		HideSolutionNode = FALSE
	EndGlobalSection
	GlobalSection(ExtensibilityGlobals) = postSolution
		SolutionGuid = {29F400E6-BD71-4E2A-919A-D8127919CE23}
	EndGlobalSection
EndGlobal
